
Microsoft Visual Studio Solution File, Format Version 12.00
# Visual Studio Version 16
VisualStudioVersion = 16.0.32901.82
MinimumVisualStudioVersion = 10.0.40219.1
Project("{FAE04EC0-301F-11D3-BF4B-00C04F79EFBC}") = "NYPbookStore", "NYPbookStore\NYPbookStore.csproj", "{005AC2C4-4D53-40A4-A846-9A1D5DC58FFE}"
EndProject
Global
	GlobalSection(SolutionConfigurationPlatforms) = preSolution
		Debug|Any CPU = Debug|Any CPU
		Release|Any CPU = Release|Any CPU
	EndGlobalSection
	GlobalSection(ProjectConfigurationPlatforms) = postSolution
		{005AC2C4-4D53-40A4-A846-9A1D5DC58FFE}.Debug|Any CPU.ActiveCfg = Debug|Any CPU
		{005AC2C4-4D53-40A4-A846-9A1D5DC58FFE}.Debug|Any CPU.Build.0 = Debug|Any CPU
		{005AC2C4-4D53-40A4-A846-9A1D5DC58FFE}.Release|Any CPU.ActiveCfg = Release|Any CPU
		{005AC2C4-4D53-40A4-A846-9A1D5DC58FFE}.Release|Any CPU.Build.0 = Release|Any CPU
	EndGlobalSection
	GlobalSection(SolutionProperties) = preSolution
		HideSolutionNode = FALSE
	EndGlobalSection
	GlobalSection(ExtensibilityGlobals) = postSolution
		SolutionGuid = {D038C3F8-3372-4C5E-892A-D1B56312EF6E}
	EndGlobalSection
EndGlobal
